
Microsoft Visual Studio Solution File, Format Version 12.00
Project("{FAE04EC0-301F-11D3-BF4B-00C04F79EFBC}") = "Exercise 2", "Exercise 2.csproj", "{4811CE5A-1F52-4440-A9BF-BD19BF9AE569}"
EndProject
Global
	GlobalSection(SolutionConfigurationPlatforms) = preSolution
		Debug|Any CPU = Debug|Any CPU
		Release|Any CPU = Release|Any CPU
	EndGlobalSection
	GlobalSection(ProjectConfigurationPlatforms) = postSolution
		{4811CE5A-1F52-4440-A9BF-BD19BF9AE569}.Debug|Any CPU.ActiveCfg = Debug|Any CPU
		{4811CE5A-1F52-4440-A9BF-BD19BF9AE569}.Debug|Any CPU.Build.0 = Debug|Any CPU
		{4811CE5A-1F52-4440-A9BF-BD19BF9AE569}.Release|Any CPU.ActiveCfg = Release|Any CPU
		{4811CE5A-1F52-4440-A9BF-BD19BF9AE569}.Release|Any CPU.Build.0 = Release|Any CPU
	EndGlobalSection
EndGlobal
