
Microsoft Visual Studio Solution File, Format Version 12.00
Project("{FAE04EC0-301F-11D3-BF4B-00C04F79EFBC}") = "Exercise 5", "Exercise 5.csproj", "{335C8033-212B-48B1-BE0C-23C809C4BDCF}"
EndProject
Global
	GlobalSection(SolutionConfigurationPlatforms) = preSolution
		Debug|Any CPU = Debug|Any CPU
		Release|Any CPU = Release|Any CPU
	EndGlobalSection
	GlobalSection(ProjectConfigurationPlatforms) = postSolution
		{335C8033-212B-48B1-BE0C-23C809C4BDCF}.Debug|Any CPU.ActiveCfg = Debug|Any CPU
		{335C8033-212B-48B1-BE0C-23C809C4BDCF}.Debug|Any CPU.Build.0 = Debug|Any CPU
		{335C8033-212B-48B1-BE0C-23C809C4BDCF}.Release|Any CPU.ActiveCfg = Release|Any CPU
		{335C8033-212B-48B1-BE0C-23C809C4BDCF}.Release|Any CPU.Build.0 = Release|Any CPU
	EndGlobalSection
EndGlobal
