
Microsoft Visual Studio Solution File, Format Version 12.00
Project("{FAE04EC0-301F-11D3-BF4B-00C04F79EFBC}") = "Exercise 5", "Exercise 5.csproj", "{B6993EAA-583B-4B53-9B1F-7FE29D6ABB14}"
EndProject
Global
	GlobalSection(SolutionConfigurationPlatforms) = preSolution
		Debug|Any CPU = Debug|Any CPU
		Release|Any CPU = Release|Any CPU
	EndGlobalSection
	GlobalSection(ProjectConfigurationPlatforms) = postSolution
		{B6993EAA-583B-4B53-9B1F-7FE29D6ABB14}.Debug|Any CPU.ActiveCfg = Debug|Any CPU
		{B6993EAA-583B-4B53-9B1F-7FE29D6ABB14}.Debug|Any CPU.Build.0 = Debug|Any CPU
		{B6993EAA-583B-4B53-9B1F-7FE29D6ABB14}.Release|Any CPU.ActiveCfg = Release|Any CPU
		{B6993EAA-583B-4B53-9B1F-7FE29D6ABB14}.Release|Any CPU.Build.0 = Release|Any CPU
	EndGlobalSection
EndGlobal
