
Microsoft Visual Studio Solution File, Format Version 12.00
Project("{FAE04EC0-301F-11D3-BF4B-00C04F79EFBC}") = "Exercise 6", "Exercise 6.csproj", "{AD90EF10-117D-4D28-985C-960DEC43144C}"
EndProject
Global
	GlobalSection(SolutionConfigurationPlatforms) = preSolution
		Debug|Any CPU = Debug|Any CPU
		Release|Any CPU = Release|Any CPU
	EndGlobalSection
	GlobalSection(ProjectConfigurationPlatforms) = postSolution
		{AD90EF10-117D-4D28-985C-960DEC43144C}.Debug|Any CPU.ActiveCfg = Debug|Any CPU
		{AD90EF10-117D-4D28-985C-960DEC43144C}.Debug|Any CPU.Build.0 = Debug|Any CPU
		{AD90EF10-117D-4D28-985C-960DEC43144C}.Release|Any CPU.ActiveCfg = Release|Any CPU
		{AD90EF10-117D-4D28-985C-960DEC43144C}.Release|Any CPU.Build.0 = Release|Any CPU
	EndGlobalSection
EndGlobal
