
Microsoft Visual Studio Solution File, Format Version 12.00
Project("{FAE04EC0-301F-11D3-BF4B-00C04F79EFBC}") = "Exercise 6", "Exercise 6.csproj", "{259C7514-E73C-48BB-A712-8A074680CC04}"
EndProject
Global
	GlobalSection(SolutionConfigurationPlatforms) = preSolution
		Debug|Any CPU = Debug|Any CPU
		Release|Any CPU = Release|Any CPU
	EndGlobalSection
	GlobalSection(ProjectConfigurationPlatforms) = postSolution
		{259C7514-E73C-48BB-A712-8A074680CC04}.Debug|Any CPU.ActiveCfg = Debug|Any CPU
		{259C7514-E73C-48BB-A712-8A074680CC04}.Debug|Any CPU.Build.0 = Debug|Any CPU
		{259C7514-E73C-48BB-A712-8A074680CC04}.Release|Any CPU.ActiveCfg = Release|Any CPU
		{259C7514-E73C-48BB-A712-8A074680CC04}.Release|Any CPU.Build.0 = Release|Any CPU
	EndGlobalSection
EndGlobal
