
Microsoft Visual Studio Solution File, Format Version 12.00
Project("{FAE04EC0-301F-11D3-BF4B-00C04F79EFBC}") = "Exercise 6", "Exercise 6.csproj", "{382921D4-803A-4176-A4A5-71E25385B730}"
EndProject
Global
	GlobalSection(SolutionConfigurationPlatforms) = preSolution
		Debug|Any CPU = Debug|Any CPU
		Release|Any CPU = Release|Any CPU
	EndGlobalSection
	GlobalSection(ProjectConfigurationPlatforms) = postSolution
		{382921D4-803A-4176-A4A5-71E25385B730}.Debug|Any CPU.ActiveCfg = Debug|Any CPU
		{382921D4-803A-4176-A4A5-71E25385B730}.Debug|Any CPU.Build.0 = Debug|Any CPU
		{382921D4-803A-4176-A4A5-71E25385B730}.Release|Any CPU.ActiveCfg = Release|Any CPU
		{382921D4-803A-4176-A4A5-71E25385B730}.Release|Any CPU.Build.0 = Release|Any CPU
	EndGlobalSection
EndGlobal
