
Microsoft Visual Studio Solution File, Format Version 12.00
Project("{FAE04EC0-301F-11D3-BF4B-00C04F79EFBC}") = "Exercise 4", "Exercise 4.csproj", "{B7F6EBDD-BBCB-4C52-A07A-A47672E68AEC}"
EndProject
Global
	GlobalSection(SolutionConfigurationPlatforms) = preSolution
		Debug|Any CPU = Debug|Any CPU
		Release|Any CPU = Release|Any CPU
	EndGlobalSection
	GlobalSection(ProjectConfigurationPlatforms) = postSolution
		{B7F6EBDD-BBCB-4C52-A07A-A47672E68AEC}.Debug|Any CPU.ActiveCfg = Debug|Any CPU
		{B7F6EBDD-BBCB-4C52-A07A-A47672E68AEC}.Debug|Any CPU.Build.0 = Debug|Any CPU
		{B7F6EBDD-BBCB-4C52-A07A-A47672E68AEC}.Release|Any CPU.ActiveCfg = Release|Any CPU
		{B7F6EBDD-BBCB-4C52-A07A-A47672E68AEC}.Release|Any CPU.Build.0 = Release|Any CPU
	EndGlobalSection
EndGlobal
