
Microsoft Visual Studio Solution File, Format Version 12.00
Project("{FAE04EC0-301F-11D3-BF4B-00C04F79EFBC}") = "Exercise 4", "Exercise 4.csproj", "{6B8BCE5D-BB18-4764-A4E4-FC6F5F03D16F}"
EndProject
Global
	GlobalSection(SolutionConfigurationPlatforms) = preSolution
		Debug|Any CPU = Debug|Any CPU
		Release|Any CPU = Release|Any CPU
	EndGlobalSection
	GlobalSection(ProjectConfigurationPlatforms) = postSolution
		{6B8BCE5D-BB18-4764-A4E4-FC6F5F03D16F}.Debug|Any CPU.ActiveCfg = Debug|Any CPU
		{6B8BCE5D-BB18-4764-A4E4-FC6F5F03D16F}.Debug|Any CPU.Build.0 = Debug|Any CPU
		{6B8BCE5D-BB18-4764-A4E4-FC6F5F03D16F}.Release|Any CPU.ActiveCfg = Release|Any CPU
		{6B8BCE5D-BB18-4764-A4E4-FC6F5F03D16F}.Release|Any CPU.Build.0 = Release|Any CPU
	EndGlobalSection
EndGlobal
