
Microsoft Visual Studio Solution File, Format Version 12.00
Project("{FAE04EC0-301F-11D3-BF4B-00C04F79EFBC}") = "Exercise 4", "Exercise 4.csproj", "{012A649F-7476-439A-A82A-1003ED5C6118}"
EndProject
Global
	GlobalSection(SolutionConfigurationPlatforms) = preSolution
		Debug|Any CPU = Debug|Any CPU
		Release|Any CPU = Release|Any CPU
	EndGlobalSection
	GlobalSection(ProjectConfigurationPlatforms) = postSolution
		{012A649F-7476-439A-A82A-1003ED5C6118}.Debug|Any CPU.ActiveCfg = Debug|Any CPU
		{012A649F-7476-439A-A82A-1003ED5C6118}.Debug|Any CPU.Build.0 = Debug|Any CPU
		{012A649F-7476-439A-A82A-1003ED5C6118}.Release|Any CPU.ActiveCfg = Release|Any CPU
		{012A649F-7476-439A-A82A-1003ED5C6118}.Release|Any CPU.Build.0 = Release|Any CPU
	EndGlobalSection
EndGlobal
